<?xml version="1.0" encoding="utf-8"?>
<Project ToolsVersion="4.0" xmlns="http://schemas.microsoft.com/developer/msbuild/2003">
  <ItemGroup>
    <Filter Include="소스 파일">
      <UniqueIdentifier>{4FC737F1-C7A5-4376-A066-2A32D752A2FF}</UniqueIdentifier>
      <Extensions>cpp;c;cc;cxx;c++;cppm;ixx;def;odl;idl;hpj;bat;asm;asmx</Extensions>
    </Filter>
    <Filter Include="리소스 파일">
      <UniqueIdentifier>{67DA6AB6-F800-4c08-8B7A-83BB121AAD01}</UniqueIdentifier>
      <Extensions>rc;ico;cur;bmp;dlg;rc2;rct;bin;rgs;gif;jpg;jpeg;jpe;resx;tiff;tif;png;wav;mfcribbon-ms</Extensions>
    </Filter>
    <Filter Include="소스 파일\00. Main">
      <UniqueIdentifier>{5f0d5509-c256-4c16-8533-f708110a65a2}</UniqueIdentifier>
    </Filter>
    <Filter Include="소스 파일\01. RingBuffer">
      <UniqueIdentifier>{24dfc853-5551-4211-bef0-a38547508930}</UniqueIdentifier>
    </Filter>
    <Filter Include="소스 파일\02. Packet">
      <UniqueIdentifier>{b7d72369-b10d-430c-aedf-bc6beddc1d31}</UniqueIdentifier>
    </Filter>
    <Filter Include="소스 파일\03. ServerLib">
      <UniqueIdentifier>{94eced6c-20da-473f-b81d-1257d31bad49}</UniqueIdentifier>
    </Filter>
    <Filter Include="소스 파일\04. Content">
      <UniqueIdentifier>{a806c415-9fa9-4192-a164-4368488c6b21}</UniqueIdentifier>
    </Filter>
    <Filter Include="소스 파일\03. ServerLib\Interface">
      <UniqueIdentifier>{559ced49-8c86-4cf6-ac65-ed888e708688}</UniqueIdentifier>
    </Filter>
    <Filter Include="소스 파일\04. Content\Interface">
      <UniqueIdentifier>{abfadd3d-f66d-4f7a-b81c-8cc78fbaa5b5}</UniqueIdentifier>
    </Filter>
    <Filter Include="소스 파일\05. Session">
      <UniqueIdentifier>{3c88d10d-4e0d-4a91-8a5e-a021a5b77233}</UniqueIdentifier>
    </Filter>
    <Filter Include="소스 파일\99. pch">
      <UniqueIdentifier>{5b84845f-d174-49c1-b9b5-721e9e052426}</UniqueIdentifier>
    </Filter>
    <Filter Include="소스 파일\98. Protocol">
      <UniqueIdentifier>{09f137ae-7bb6-42ce-9aaf-f3ec7f1248b7}</UniqueIdentifier>
    </Filter>
    <Filter Include="소스 파일\97. CircularQueue">
      <UniqueIdentifier>{14b00c09-2a12-4085-aefd-5e368435f655}</UniqueIdentifier>
    </Filter>
    <Filter Include="소스 파일\96. CrashDump">
      <UniqueIdentifier>{c438b765-ccd4-40b2-8b4c-da99c6d019f5}</UniqueIdentifier>
    </Filter>
    <Filter Include="소스 파일\06. Timer">
      <UniqueIdentifier>{538e56d6-7919-4c6e-90c2-b439fabb2d78}</UniqueIdentifier>
    </Filter>
    <Filter Include="소스 파일\95. SystemMonitor">
      <UniqueIdentifier>{7c35e243-256e-4c6f-b333-a91ef833efca}</UniqueIdentifier>
    </Filter>
    <Filter Include="소스 파일\95. SystemMonitor\cpuUsage">
      <UniqueIdentifier>{cd8fb7da-66c1-40b9-a382-20aba32df246}</UniqueIdentifier>
    </Filter>
    <Filter Include="소스 파일\94. MemoryPool">
      <UniqueIdentifier>{025d494b-c0cc-4b2b-be48-b1e67898cf24}</UniqueIdentifier>
    </Filter>
    <Filter Include="소스 파일\94. MemoryPool\lockfreeStack">
      <UniqueIdentifier>{f487f46f-8377-4210-83a8-991f02bcc7bc}</UniqueIdentifier>
    </Filter>
  </ItemGroup>
  <ItemGroup>
    <ClCompile Include="Content.cpp">
      <Filter>소스 파일\04. Content</Filter>
    </ClCompile>
    <ClCompile Include="ServerLib.cpp">
      <Filter>소스 파일\03. ServerLib</Filter>
    </ClCompile>
    <ClCompile Include="Packet.cpp">
      <Filter>소스 파일\02. Packet</Filter>
    </ClCompile>
    <ClCompile Include="main.cpp">
      <Filter>소스 파일\00. Main</Filter>
    </ClCompile>
    <ClCompile Include="Session.cpp">
      <Filter>소스 파일\05. Session</Filter>
    </ClCompile>
    <ClCompile Include="pch.cpp">
      <Filter>소스 파일\99. pch</Filter>
    </ClCompile>
    <ClCompile Include="CircularQueue.cpp">
      <Filter>소스 파일\97. CircularQueue</Filter>
    </ClCompile>
    <ClCompile Include="RingBuffer.cpp">
      <Filter>소스 파일\01. RingBuffer</Filter>
    </ClCompile>
    <ClCompile Include="CrashDump.cpp">
      <Filter>소스 파일\96. CrashDump</Filter>
    </ClCompile>
    <ClCompile Include="IServer.cpp">
      <Filter>소스 파일\03. ServerLib\Interface</Filter>
    </ClCompile>
    <ClCompile Include="SystemMonitor.cpp">
      <Filter>소스 파일\95. SystemMonitor</Filter>
    </ClCompile>
    <ClCompile Include="cpuUsage.cpp">
      <Filter>소스 파일\95. SystemMonitor\cpuUsage</Filter>
    </ClCompile>
    <ClCompile Include="Timer.cpp">
      <Filter>소스 파일\06. Timer</Filter>
    </ClCompile>
  </ItemGroup>
  <ItemGroup>
    <ClInclude Include="Content.h">
      <Filter>소스 파일\04. Content</Filter>
    </ClInclude>
    <ClInclude Include="ServerLib.h">
      <Filter>소스 파일\03. ServerLib</Filter>
    </ClInclude>
    <ClInclude Include="Packet.h">
      <Filter>소스 파일\02. Packet</Filter>
    </ClInclude>
    <ClInclude Include="RingBuffer.h">
      <Filter>소스 파일\01. RingBuffer</Filter>
    </ClInclude>
    <ClInclude Include="IServer.h">
      <Filter>소스 파일\03. ServerLib\Interface</Filter>
    </ClInclude>
    <ClInclude Include="IContent.h">
      <Filter>소스 파일\04. Content\Interface</Filter>
    </ClInclude>
    <ClInclude Include="Session.h">
      <Filter>소스 파일\05. Session</Filter>
    </ClInclude>
    <ClInclude Include="pch.h">
      <Filter>소스 파일\99. pch</Filter>
    </ClInclude>
    <ClInclude Include="Protocol.h">
      <Filter>소스 파일\98. Protocol</Filter>
    </ClInclude>
    <ClInclude Include="CircularQueue.h">
      <Filter>소스 파일\97. CircularQueue</Filter>
    </ClInclude>
    <ClInclude Include="CrashDump.h">
      <Filter>소스 파일\96. CrashDump</Filter>
    </ClInclude>
    <ClInclude Include="SystemMonitor.h">
      <Filter>소스 파일\95. SystemMonitor</Filter>
    </ClInclude>
    <ClInclude Include="cpuUsage.h">
      <Filter>소스 파일\95. SystemMonitor\cpuUsage</Filter>
    </ClInclude>
    <ClInclude Include="Timer.h">
      <Filter>소스 파일\06. Timer</Filter>
    </ClInclude>
    <ClInclude Include="MemoryPool.h">
      <Filter>소스 파일\94. MemoryPool</Filter>
    </ClInclude>
    <ClInclude Include="concurrent_stack.h">
      <Filter>소스 파일\94. MemoryPool\lockfreeStack</Filter>
    </ClInclude>
  </ItemGroup>
</Project>